
Microsoft Visual Studio Solution File, Format Version 10.00
# Visual Studio 2008
Project("{8BC9CEB8-8B4A-11D0-8D11-00A0C91BC942}") = "imesample", "imesample.vcproj", "{466EC3C8-24A7-4827-97D4-DE0AB5097B6A}"
EndProject
Global
	GlobalSection(SolutionConfigurationPlatforms) = preSolution
		Debug|Win32 = Debug|Win32
		Release|Win32 = Release|Win32
	EndGlobalSection
	GlobalSection(ProjectConfigurationPlatforms) = postSolution
		{466EC3C8-24A7-4827-97D4-DE0AB5097B6A}.Debug|Win32.ActiveCfg = Debug|Win32
		{466EC3C8-24A7-4827-97D4-DE0AB5097B6A}.Debug|Win32.Build.0 = Debug|Win32
		{466EC3C8-24A7-4827-97D4-DE0AB5097B6A}.Release|Win32.ActiveCfg = Release|Win32
		{466EC3C8-24A7-4827-97D4-DE0AB5097B6A}.Release|Win32.Build.0 = Release|Win32
	EndGlobalSection
	GlobalSection(SolutionProperties) = preSolution
		HideSolutionNode = FALSE
	EndGlobalSection
EndGlobal
